// !$*UTF8*$!
{
	archiveVersion = 1;
	classes = {
	};
	objectVersion = 50;
	objects = {

/* Begin PBXBuildFile section */
		CA1B2F0620E2DB3D00AAD5D9 /* AppDelegate.swift in Sources */ = {isa = PBXBuildFile; fileRef = CA1B2F0520E2DB3D00AAD5D9 /* AppDelegate.swift */; };
		CA1B2F0820E2DB3D00AAD5D9 /* NewsViewController.swift in Sources */ = {isa = PBXBuildFile; fileRef = CA1B2F0720E2DB3D00AAD5D9 /* NewsViewController.swift */; };
		CA1B2F0B20E2DB3D00AAD5D9 /* Main.storyboard in Resources */ = {isa = PBXBuildFile; fileRef = CA1B2F0920E2DB3D00AAD5D9 /* Main.storyboard */; };
		CA1B2F0D20E2DB3F00AAD5D9 /* Assets.xcassets in Resources */ = {isa = PBXBuildFile; fileRef = CA1B2F0C20E2DB3F00AAD5D9 /* Assets.xcassets */; };
		CA1B2F1020E2DB3F00AAD5D9 /* LaunchScreen.storyboard in Resources */ = {isa = PBXBuildFile; fileRef = CA1B2F0E20E2DB3F00AAD5D9 /* LaunchScreen.storyboard */; };
		CA1B2F1920E2DE9F00AAD5D9 /* NewsCell.swift in Sources */ = {isa = PBXBuildFile; fileRef = CA1B2F1820E2DE9F00AAD5D9 /* NewsCell.swift */; };
		CA1B2F1D20E2E0FA00AAD5D9 /* NetworkManager.swift in Sources */ = {isa = PBXBuildFile; fileRef = CA1B2F1C20E2E0FA00AAD5D9 /* NetworkManager.swift */; };
		CA1B2F1F20E2E18200AAD5D9 /* NewsItem.swift in Sources */ = {isa = PBXBuildFile; fileRef = CA1B2F1E20E2E18200AAD5D9 /* NewsItem.swift */; };
		CAEC992F20E53BB100210385 /* SearchViewController.swift in Sources */ = {isa = PBXBuildFile; fileRef = CAEC992E20E53BB100210385 /* SearchViewController.swift */; };
/* End PBXBuildFile section */

/* Begin PBXFileReference section */
		CA1B2F0220E2DB3D00AAD5D9 /* NewsApp.app */ = {isa = PBXFileReference; explicitFileType = wrapper.application; includeInIndex = 0; path = NewsApp.app; sourceTree = BUILT_PRODUCTS_DIR; };
		CA1B2F0520E2DB3D00AAD5D9 /* AppDelegate.swift */ = {isa = PBXFileReference; lastKnownFileType = sourcecode.swift; path = AppDelegate.swift; sourceTree = "<group>"; };
		CA1B2F0720E2DB3D00AAD5D9 /* NewsViewController.swift */ = {isa = PBXFileReference; lastKnownFileType = sourcecode.swift; path = NewsViewController.swift; sourceTree = "<group>"; };
		CA1B2F0A20E2DB3D00AAD5D9 /* Base */ = {isa = PBXFileReference; lastKnownFileType = file.storyboard; name = Base; path = Base.lproj/Main.storyboard; sourceTree = "<group>"; };
		CA1B2F0C20E2DB3F00AAD5D9 /* Assets.xcassets */ = {isa = PBXFileReference; lastKnownFileType = folder.assetcatalog; path = Assets.xcassets; sourceTree = "<group>"; };
		CA1B2F0F20E2DB3F00AAD5D9 /* Base */ = {isa = PBXFileReference; lastKnownFileType = file.storyboard; name = Base; path = Base.lproj/LaunchScreen.storyboard; sourceTree = "<group>"; };
		CA1B2F1120E2DB3F00AAD5D9 /* Info.plist */ = {isa = PBXFileReference; lastKnownFileType = text.plist.xml; path = Info.plist; sourceTree = "<group>"; };
		CA1B2F1820E2DE9F00AAD5D9 /* NewsCell.swift */ = {isa = PBXFileReference; lastKnownFileType = sourcecode.swift; path = NewsCell.swift; sourceTree = "<group>"; };
		CA1B2F1C20E2E0FA00AAD5D9 /* NetworkManager.swift */ = {isa = PBXFileReference; lastKnownFileType = sourcecode.swift; path = NetworkManager.swift; sourceTree = "<group>"; };
		CA1B2F1E20E2E18200AAD5D9 /* NewsItem.swift */ = {isa = PBXFileReference; lastKnownFileType = sourcecode.swift; path = NewsItem.swift; sourceTree = "<group>"; };
		CAEC992E20E53BB100210385 /* SearchViewController.swift */ = {isa = PBXFileReference; lastKnownFileType = sourcecode.swift; path = SearchViewController.swift; sourceTree = "<group>"; };
/* End PBXFileReference section */

/* Begin PBXFrameworksBuildPhase section */
		CA1B2EFF20E2DB3D00AAD5D9 /* Frameworks */ = {
			isa = PBXFrameworksBuildPhase;
			buildActionMask = 2147483647;
			files = (
			);
			runOnlyForDeploymentPostprocessing = 0;
		};
/* End PBXFrameworksBuildPhase section */

/* Begin PBXGroup section */
		CA1B2EF920E2DB3D00AAD5D9 = {
			isa = PBXGroup;
			children = (
				CA1B2F0420E2DB3D00AAD5D9 /* NewsApp */,
				CA1B2F0320E2DB3D00AAD5D9 /* Products */,
			);
			sourceTree = "<group>";
		};
		CA1B2F0320E2DB3D00AAD5D9 /* Products */ = {
			isa = PBXGroup;
			children = (
				CA1B2F0220E2DB3D00AAD5D9 /* NewsApp.app */,
			);
			name = Products;
			sourceTree = "<group>";
		};
		CA1B2F0420E2DB3D00AAD5D9 /* NewsApp */ = {
			isa = PBXGroup;
			children = (
				CA1B2F1B20E2DEB000AAD5D9 /* Controller */,
				CA1B2F1A20E2DEA700AAD5D9 /* View */,
				CA1B2F1720E2DE8300AAD5D9 /* Model */,
				CA1B2F0920E2DB3D00AAD5D9 /* Main.storyboard */,
				CA1B2F0520E2DB3D00AAD5D9 /* AppDelegate.swift */,
				CA1B2F0C20E2DB3F00AAD5D9 /* Assets.xcassets */,
				CA1B2F0E20E2DB3F00AAD5D9 /* LaunchScreen.storyboard */,
				CA1B2F1120E2DB3F00AAD5D9 /* Info.plist */,
			);
			path = NewsApp;
			sourceTree = "<group>";
		};
		CA1B2F1720E2DE8300AAD5D9 /* Model */ = {
			isa = PBXGroup;
			children = (
				CA1B2F1C20E2E0FA00AAD5D9 /* NetworkManager.swift */,
				CA1B2F1E20E2E18200AAD5D9 /* NewsItem.swift */,
			);
			path = Model;
			sourceTree = "<group>";
		};
		CA1B2F1A20E2DEA700AAD5D9 /* View */ = {
			isa = PBXGroup;
			children = (
				CA1B2F1820E2DE9F00AAD5D9 /* NewsCell.swift */,
			);
			path = View;
			sourceTree = "<group>";
		};
		CA1B2F1B20E2DEB000AAD5D9 /* Controller */ = {
			isa = PBXGroup;
			children = (
				CA1B2F0720E2DB3D00AAD5D9 /* NewsViewController.swift */,
				CAEC992E20E53BB100210385 /* SearchViewController.swift */,
			);
			path = Controller;
			sourceTree = "<group>";
		};
/* End PBXGroup section */

/* Begin PBXNativeTarget section */
		CA1B2F0120E2DB3D00AAD5D9 /* NewsApp */ = {
			isa = PBXNativeTarget;
			buildConfigurationList = CA1B2F1420E2DB3F00AAD5D9 /* Build configuration list for PBXNativeTarget "NewsApp" */;
			buildPhases = (
				CA1B2EFE20E2DB3D00AAD5D9 /* Sources */,
				CA1B2EFF20E2DB3D00AAD5D9 /* Frameworks */,
				CA1B2F0020E2DB3D00AAD5D9 /* Resources */,
			);
			buildRules = (
			);
			dependencies = (
			);
			name = NewsApp;
			productName = NewsApp;
			productReference = CA1B2F0220E2DB3D00AAD5D9 /* NewsApp.app */;
			productType = "com.apple.product-type.application";
		};
/* End PBXNativeTarget section */

/* Begin PBXProject section */
		CA1B2EFA20E2DB3D00AAD5D9 /* Project object */ = {
			isa = PBXProject;
			attributes = {
				LastSwiftUpdateCheck = 0940;
				LastUpgradeCheck = 0940;
				ORGANIZATIONNAME = "Alejandro Zielinsky";
				TargetAttributes = {
					CA1B2F0120E2DB3D00AAD5D9 = {
						CreatedOnToolsVersion = 9.4;
					};
				};
			};
			buildConfigurationList = CA1B2EFD20E2DB3D00AAD5D9 /* Build configuration list for PBXProject "NewsApp" */;
			compatibilityVersion = "Xcode 9.3";
			developmentRegion = en;
			hasScannedForEncodings = 0;
			knownRegions = (
				en,
				Base,
			);
			mainGroup = CA1B2EF920E2DB3D00AAD5D9;
			productRefGroup = CA1B2F0320E2DB3D00AAD5D9 /* Products */;
			projectDirPath = "";
			projectRoot = "";
			targets = (
				CA1B2F0120E2DB3D00AAD5D9 /* NewsApp */,
			);
		};
/* End PBXProject section */

/* Begin PBXResourcesBuildPhase section */
		CA1B2F0020E2DB3D00AAD5D9 /* Resources */ = {
			isa = PBXResourcesBuildPhase;
			buildActionMask = 2147483647;
			files = (
				CA1B2F1020E2DB3F00AAD5D9 /* LaunchScreen.storyboard in Resources */,
				CA1B2F0D20E2DB3F00AAD5D9 /* Assets.xcassets in Resources */,
				CA1B2F0B20E2DB3D00AAD5D9 /* Main.storyboard in Resources */,
			);
			runOnlyForDeploymentPostprocessing = 0;
		};
/* End PBXResourcesBuildPhase section */

/* Begin PBXSourcesBuildPhase section */
		CA1B2EFE20E2DB3D00AAD5D9 /* Sources */ = {
			isa = PBXSourcesBuildPhase;
			buildActionMask = 2147483647;
			files = (
				CAEC992F20E53BB100210385 /* SearchViewController.swift in Sources */,
				CA1B2F1D20E2E0FA00AAD5D9 /* NetworkManager.swift in Sources */,
				CA1B2F1F20E2E18200AAD5D9 /* NewsItem.swift in Sources */,
				CA1B2F0820E2DB3D00AAD5D9 /* NewsViewController.swift in Sources */,
				CA1B2F1920E2DE9F00AAD5D9 /* NewsCell.swift in Sources */,
				CA1B2F0620E2DB3D00AAD5D9 /* AppDelegate.swift in Sources */,
			);
			runOnlyForDeploymentPostprocessing = 0;
		};
/* End PBXSourcesBuildPhase section */

/* Begin PBXVariantGroup section */
		CA1B2F0920E2DB3D00AAD5D9 /* Main.storyboard */ = {
			isa = PBXVariantGroup;
			children = (
				CA1B2F0A20E2DB3D00AAD5D9 /* Base */,
			);
			name = Main.storyboard;
			sourceTree = "<group>";
		};
		CA1B2F0E20E2DB3F00AAD5D9 /* LaunchScreen.storyboard */ = {
			isa = PBXVariantGroup;
			children = (
				CA1B2F0F20E2DB3F00AAD5D9 /* Base */,
			);
			name = LaunchScreen.storyboard;
			sourceTree = "<group>";
		};
/* End PBXVariantGroup section */

/* Begin XCBuildConfiguration section */
		CA1B2F1220E2DB3F00AAD5D9 /* Debug */ = {
			isa = XCBuildConfiguration;
			buildSettings = {
				ALWAYS_SEARCH_USER_PATHS = NO;
				CLANG_ANALYZER_NONNULL = YES;
				CLANG_ANALYZER_NUMBER_OBJECT_CONVERSION = YES_AGGRESSIVE;
				CLANG_CXX_LANGUAGE_STANDARD = "gnu++14";
				CLANG_CXX_LIBRARY = "libc++";
				CLANG_ENABLE_MODULES = YES;
				CLANG_ENABLE_OBJC_ARC = YES;
				CLANG_ENABLE_OBJC_WEAK = YES;
				CLANG_WARN_BLOCK_CAPTURE_AUTORELEASING = YES;
				CLANG_WARN_BOOL_CONVERSION = YES;
				CLANG_WARN_COMMA = YES;
				CLANG_WARN_CONSTANT_CONVERSION = YES;
				CLANG_WARN_DEPRECATED_OBJC_IMPLEMENTATIONS = YES;
				CLANG_WARN_DIRECT_OBJC_ISA_USAGE = YES_ERROR;
				CLANG_WARN_DOCUMENTATION_COMMENTS = YES;
				CLANG_WARN_EMPTY_BODY = YES;
				CLANG_WARN_ENUM_CONVERSION = YES;
				CLANG_WARN_INFINITE_RECURSION = YES;
				CLANG_WARN_INT_CONVERSION = YES;
				CLANG_WARN_NON_LITERAL_NULL_CONVERSION = YES;
				CLANG_WARN_OBJC_IMPLICIT_RETAIN_SELF = YES;
				CLANG_WARN_OBJC_LITERAL_CONVERSION = YES;
				CLANG_WARN_OBJC_ROOT_CLASS = YES_ERROR;
				CLANG_WARN_RANGE_LOOP_ANALYSIS = YES;
				CLANG_WARN_STRICT_PROTOTYPES = YES;
				CLANG_WARN_SUSPICIOUS_MOVE = YES;
				CLANG_WARN_UNGUARDED_AVAILABILITY = YES_AGGRESSIVE;
				CLANG_WARN_UNREACHABLE_CODE = YES;
				CLANG_WARN__DUPLICATE_METHOD_MATCH = YES;
				CODE_SIGN_IDENTITY = "iPhone Developer";
				COPY_PHASE_STRIP = NO;
				DEBUG_INFORMATION_FORMAT = dwarf;
				ENABLE_STRICT_OBJC_MSGSEND = YES;
				ENABLE_TESTABILITY = YES;
				GCC_C_LANGUAGE_STANDARD = gnu11;
				GCC_DYNAMIC_NO_PIC = NO;
				GCC_NO_COMMON_BLOCKS = YES;
				GCC_OPTIMIZATION_LEVEL = 0;
				GCC_PREPROCESSOR_DEFINITIONS = (
					"DEBUG=1",
					"$(inherited)",
				);
				GCC_WARN_64_TO_32_BIT_CONVERSION = YES;
				GCC_WARN_ABOUT_RETURN_TYPE = YES_ERROR;
				GCC_WARN_UNDECLARED_SELECTOR = YES;
				GCC_WARN_UNINITIALIZED_AUTOS = YES_AGGRESSIVE;
				GCC_WARN_UNUSED_FUNCTION = YES;
				GCC_WARN_UNUSED_VARIABLE = YES;
				IPHONEOS_DEPLOYMENT_TARGET = 11.4;
				MTL_ENABLE_DEBUG_INFO = YES;
				ONLY_ACTIVE_ARCH = YES;
				SDKROOT = iphoneos;
				SWIFT_ACTIVE_COMPILATION_CONDITIONS = DEBUG;
				SWIFT_OPTIMIZATION_LEVEL = "-Onone";
			};
			name = Debug;
		};
		CA1B2F1320E2DB3F00AAD5D9 /* Release */ = {
			isa = XCBuildConfiguration;
			buildSettings = {
				ALWAYS_SEARCH_USER_PATHS = NO;
				CLANG_ANALYZER_NONNULL = YES;
				CLANG_ANALYZER_NUMBER_OBJECT_CONVERSION = YES_AGGRESSIVE;
				CLANG_CXX_LANGUAGE_STANDARD = "gnu++14";
				CLANG_CXX_LIBRARY = "libc++";
				CLANG_ENABLE_MODULES = YES;
				CLANG_ENABLE_OBJC_ARC = YES;
				CLANG_ENABLE_OBJC_WEAK = YES;
				CLANG_WARN_BLOCK_CAPTURE_AUTORELEASING = YES;
				CLANG_WARN_BOOL_CONVERSION = YES;
				CLANG_WARN_COMMA = YES;
				CLANG_WARN_CONSTANT_CONVERSION = YES;
				CLANG_WARN_DEPRECATED_OBJC_IMPLEMENTATIONS = YES;
				CLANG_WARN_DIRECT_OBJC_ISA_USAGE = YES_ERROR;
				CLANG_WARN_DOCUMENTATION_COMMENTS = YES;
				CLANG_WARN_EMPTY_BODY = YES;
				CLANG_WARN_ENUM_CONVERSION = YES;
				CLANG_WARN_INFINITE_RECURSION = YES;
				CLANG_WARN_INT_CONVERSION = YES;
				CLANG_WARN_NON_LITERAL_NULL_CONVERSION = YES;
				CLANG_WARN_OBJC_IMPLICIT_RETAIN_SELF = YES;
				CLANG_WARN_OBJC_LITERAL_CONVERSION = YES;
				CLANG_WARN_OBJC_ROOT_CLASS = YES_ERROR;
				CLANG_WARN_RANGE_LOOP_ANALYSIS = YES;
				CLANG_WARN_STRICT_PROTOTYPES = YES;
				CLANG_WARN_SUSPICIOUS_MOVE = YES;
				CLANG_WARN_UNGUARDED_AVAILABILITY = YES_AGGRESSIVE;
				CLANG_WARN_UNREACHABLE_CODE = YES;
				CLANG_WARN__DUPLICATE_METHOD_MATCH = YES;
				CODE_SIGN_IDENTITY = "iPhone Developer";
				COPY_PHASE_STRIP = NO;
				DEBUG_INFORMATION_FORMAT = "dwarf-with-dsym";
				ENABLE_NS_ASSERTIONS = NO;
				ENABLE_STRICT_OBJC_MSGSEND = YES;
				GCC_C_LANGUAGE_STANDARD = gnu11;
				GCC_NO_COMMON_BLOCKS = YES;
				GCC_WARN_64_TO_32_BIT_CONVERSION = YES;
				GCC_WARN_ABOUT_RETURN_TYPE = YES_ERROR;
				GCC_WARN_UNDECLARED_SELECTOR = YES;
				GCC_WARN_UNINITIALIZED_AUTOS = YES_AGGRESSIVE;
				GCC_WARN_UNUSED_FUNCTION = YES;
				GCC_WARN_UNUSED_VARIABLE = YES;
				IPHONEOS_DEPLOYMENT_TARGET = 11.4;
				MTL_ENABLE_DEBUG_INFO = NO;
				SDKROOT = iphoneos;
				SWIFT_COMPILATION_MODE = wholemodule;
				SWIFT_OPTIMIZATION_LEVEL = "-O";
				VALIDATE_PRODUCT = YES;
			};
			name = Release;
		};
		CA1B2F1520E2DB3F00AAD5D9 /* Debug */ = {
			isa = XCBuildConfiguration;
			buildSettings = {
				ASSETCATALOG_COMPILER_APPICON_NAME = AppIcon;
				CODE_SIGN_STYLE = Automatic;
				DEVELOPMENT_TEAM = N8EE67V363;
				INFOPLIST_FILE = NewsApp/Info.plist;
				LD_RUNPATH_SEARCH_PATHS = (
					"$(inherited)",
					"@executable_path/Frameworks",
				);
				PRODUCT_BUNDLE_IDENTIFIER = com.AleZ.NewsApp;
				PRODUCT_NAME = "$(TARGET_NAME)";
				SWIFT_VERSION = 4.0;
				TARGETED_DEVICE_FAMILY = "1,2";
			};
			name = Debug;
		};
		CA1B2F1620E2DB3F00AAD5D9 /* Release */ = {
			isa = XCBuildConfiguration;
			buildSettings = {
				ASSETCATALOG_COMPILER_APPICON_NAME = AppIcon;
				CODE_SIGN_STYLE = Automatic;
				DEVELOPMENT_TEAM = N8EE67V363;
				INFOPLIST_FILE = NewsApp/Info.plist;
				LD_RUNPATH_SEARCH_PATHS = (
					"$(inherited)",
					"@executable_path/Frameworks",
				);
				PRODUCT_BUNDLE_IDENTIFIER = com.AleZ.NewsApp;
				PRODUCT_NAME = "$(TARGET_NAME)";
				SWIFT_VERSION = 4.0;
				TARGETED_DEVICE_FAMILY = "1,2";
			};
			name = Release;
		};
/* End XCBuildConfiguration section */

/* Begin XCConfigurationList section */
		CA1B2EFD20E2DB3D00AAD5D9 /* Build configuration list for PBXProject "NewsApp" */ = {
			isa = XCConfigurationList;
			buildConfigurations = (
				CA1B2F1220E2DB3F00AAD5D9 /* Debug */,
				CA1B2F1320E2DB3F00AAD5D9 /* Release */,
			);
			defaultConfigurationIsVisible = 0;
			defaultConfigurationName = Release;
		};
		CA1B2F1420E2DB3F00AAD5D9 /* Build configuration list for PBXNativeTarget "NewsApp" */ = {
			isa = XCConfigurationList;
			buildConfigurations = (
				CA1B2F1520E2DB3F00AAD5D9 /* Debug */,
				CA1B2F1620E2DB3F00AAD5D9 /* Release */,
			);
			defaultConfigurationIsVisible = 0;
			defaultConfigurationName = Release;
		};
/* End XCConfigurationList section */
	};
	rootObject = CA1B2EFA20E2DB3D00AAD5D9 /* Project object */;
}
